
Microsoft Visual Studio Solution File, Format Version 12.00
# Visual Studio 15
VisualStudioVersion = 15.0.27703.2042
MinimumVisualStudioVersion = 10.0.40219.1
Project("{FAE04EC0-301F-11D3-BF4B-00C04F79EFBC}") = "AutoLevel", "AutoLevel\AutoLevel.csproj", "{B2A85F3D-F123-4C35-8F8B-907B41382165}"
EndProject
Global
	GlobalSection(SolutionConfigurationPlatforms) = preSolution
		Debug|Any CPU = Debug|Any CPU
		Release|Any CPU = Release|Any CPU
	EndGlobalSection
	GlobalSection(ProjectConfigurationPlatforms) = postSolution
		{B2A85F3D-F123-4C35-8F8B-907B41382165}.Debug|Any CPU.ActiveCfg = Debug|Any CPU
		{B2A85F3D-F123-4C35-8F8B-907B41382165}.Debug|Any CPU.Build.0 = Debug|Any CPU
		{B2A85F3D-F123-4C35-8F8B-907B41382165}.Release|Any CPU.ActiveCfg = Release|Any CPU
		{B2A85F3D-F123-4C35-8F8B-907B41382165}.Release|Any CPU.Build.0 = Release|Any CPU
	EndGlobalSection
	GlobalSection(SolutionProperties) = preSolution
		HideSolutionNode = FALSE
	EndGlobalSection
	GlobalSection(ExtensibilityGlobals) = postSolution
		SolutionGuid = {C79D2F71-EABD-49F7-8C1C-6ECE8A8E7925}
	EndGlobalSection
EndGlobal
